
Microsoft Visual Studio Solution File, Format Version 12.00
# Visual Studio Version 16
VisualStudioVersion = 16.0.30907.101
MinimumVisualStudioVersion = 10.0.40219.1
Project("{FAE04EC0-301F-11D3-BF4B-00C04F79EFBC}") = "ClassMetotDemo", "ClassMetotDemo\ClassMetotDemo.csproj", "{765993A7-F5C3-4DF4-B0D1-C431050E165C}"
EndProject
Global
	GlobalSection(SolutionConfigurationPlatforms) = preSolution
		Debug|Any CPU = Debug|Any CPU
		Release|Any CPU = Release|Any CPU
	EndGlobalSection
	GlobalSection(ProjectConfigurationPlatforms) = postSolution
		{765993A7-F5C3-4DF4-B0D1-C431050E165C}.Debug|Any CPU.ActiveCfg = Debug|Any CPU
		{765993A7-F5C3-4DF4-B0D1-C431050E165C}.Debug|Any CPU.Build.0 = Debug|Any CPU
		{765993A7-F5C3-4DF4-B0D1-C431050E165C}.Release|Any CPU.ActiveCfg = Release|Any CPU
		{765993A7-F5C3-4DF4-B0D1-C431050E165C}.Release|Any CPU.Build.0 = Release|Any CPU
	EndGlobalSection
	GlobalSection(SolutionProperties) = preSolution
		HideSolutionNode = FALSE
	EndGlobalSection
	GlobalSection(ExtensibilityGlobals) = postSolution
		SolutionGuid = {216158D4-1216-461E-A6D4-89E00E99D510}
	EndGlobalSection
EndGlobal
