
Microsoft Visual Studio Solution File, Format Version 12.00
# Visual Studio Version 16
VisualStudioVersion = 16.0.30907.101
MinimumVisualStudioVersion = 10.0.40219.1
Project("{FAE04EC0-301F-11D3-BF4B-00C04F79EFBC}") = "ConsoleApp1", "ConsoleApp1\ConsoleApp1.csproj", "{65B6FC42-15B1-4A80-85DE-1A8B20FD8042}"
EndProject
Global
	GlobalSection(SolutionConfigurationPlatforms) = preSolution
		Debug|Any CPU = Debug|Any CPU
		Release|Any CPU = Release|Any CPU
	EndGlobalSection
	GlobalSection(ProjectConfigurationPlatforms) = postSolution
		{65B6FC42-15B1-4A80-85DE-1A8B20FD8042}.Debug|Any CPU.ActiveCfg = Debug|Any CPU
		{65B6FC42-15B1-4A80-85DE-1A8B20FD8042}.Debug|Any CPU.Build.0 = Debug|Any CPU
		{65B6FC42-15B1-4A80-85DE-1A8B20FD8042}.Release|Any CPU.ActiveCfg = Release|Any CPU
		{65B6FC42-15B1-4A80-85DE-1A8B20FD8042}.Release|Any CPU.Build.0 = Release|Any CPU
	EndGlobalSection
	GlobalSection(SolutionProperties) = preSolution
		HideSolutionNode = FALSE
	EndGlobalSection
	GlobalSection(ExtensibilityGlobals) = postSolution
		SolutionGuid = {2A762BAC-7A7D-4771-92C3-A8D0380EF12C}
	EndGlobalSection
EndGlobal
