
Microsoft Visual Studio Solution File, Format Version 12.00
# Visual Studio Version 16
VisualStudioVersion = 16.0.30907.101
MinimumVisualStudioVersion = 10.0.40219.1
Project("{FAE04EC0-301F-11D3-BF4B-00C04F79EFBC}") = "Generics", "Generics\Generics.csproj", "{B7C2CF2F-C8F0-4615-8ECA-D3E347EB2554}"
EndProject
Global
	GlobalSection(SolutionConfigurationPlatforms) = preSolution
		Debug|Any CPU = Debug|Any CPU
		Release|Any CPU = Release|Any CPU
	EndGlobalSection
	GlobalSection(ProjectConfigurationPlatforms) = postSolution
		{B7C2CF2F-C8F0-4615-8ECA-D3E347EB2554}.Debug|Any CPU.ActiveCfg = Debug|Any CPU
		{B7C2CF2F-C8F0-4615-8ECA-D3E347EB2554}.Debug|Any CPU.Build.0 = Debug|Any CPU
		{B7C2CF2F-C8F0-4615-8ECA-D3E347EB2554}.Release|Any CPU.ActiveCfg = Release|Any CPU
		{B7C2CF2F-C8F0-4615-8ECA-D3E347EB2554}.Release|Any CPU.Build.0 = Release|Any CPU
	EndGlobalSection
	GlobalSection(SolutionProperties) = preSolution
		HideSolutionNode = FALSE
	EndGlobalSection
	GlobalSection(ExtensibilityGlobals) = postSolution
		SolutionGuid = {1C0DBD5E-9039-40BF-B4A7-F5F876D12C7F}
	EndGlobalSection
EndGlobal
